
Microsoft Visual Studio Solution File, Format Version 12.00
# Visual Studio 15
VisualStudioVersion = 15.0.27130.2027
MinimumVisualStudioVersion = 10.0.40219.1
Project("{FAE04EC0-301F-11D3-BF4B-00C04F79EFBC}") = "CandidateSignUp3", "CandidateSignUp3\CandidateSignUp3.csproj", "{EB8690C7-0038-4C29-881C-E518AC234C93}"
EndProject
Global
	GlobalSection(SolutionConfigurationPlatforms) = preSolution
		Debug|Any CPU = Debug|Any CPU
		Release|Any CPU = Release|Any CPU
	EndGlobalSection
	GlobalSection(ProjectConfigurationPlatforms) = postSolution
		{EB8690C7-0038-4C29-881C-E518AC234C93}.Debug|Any CPU.ActiveCfg = Debug|Any CPU
		{EB8690C7-0038-4C29-881C-E518AC234C93}.Debug|Any CPU.Build.0 = Debug|Any CPU
		{EB8690C7-0038-4C29-881C-E518AC234C93}.Release|Any CPU.ActiveCfg = Release|Any CPU
		{EB8690C7-0038-4C29-881C-E518AC234C93}.Release|Any CPU.Build.0 = Release|Any CPU
	EndGlobalSection
	GlobalSection(SolutionProperties) = preSolution
		HideSolutionNode = FALSE
	EndGlobalSection
	GlobalSection(ExtensibilityGlobals) = postSolution
		SolutionGuid = {6C274659-B0BA-4329-81DB-9DFCCD516FD4}
	EndGlobalSection
EndGlobal
